// !$*UTF8*$!
{
	archiveVersion = 1;
	classes = {
	};
	objectVersion = 52;
	objects = {

/* Begin PBXBuildFile section */
		F32B634023FC30730096385A /* SDWebImage in Frameworks */ = {isa = PBXBuildFile; productRef = F32B633F23FC30730096385A /* SDWebImage */; };
		F32B634223FC30730096385A /* SDWebImageMapKit in Frameworks */ = {isa = PBXBuildFile; productRef = F32B634123FC30730096385A /* SDWebImageMapKit */; };
		F32D484F23FC184F00C388E4 /* SearchPresenter.swift in Sources */ = {isa = PBXBuildFile; fileRef = F32D484823FC184F00C388E4 /* SearchPresenter.swift */; };
		F32D485023FC184F00C388E4 /* SearchWorker.swift in Sources */ = {isa = PBXBuildFile; fileRef = F32D484923FC184F00C388E4 /* SearchWorker.swift */; };
		F32D485123FC184F00C388E4 /* SearchRouter.swift in Sources */ = {isa = PBXBuildFile; fileRef = F32D484A23FC184F00C388E4 /* SearchRouter.swift */; };
		F32D485223FC184F00C388E4 /* SearchModels.swift in Sources */ = {isa = PBXBuildFile; fileRef = F32D484B23FC184F00C388E4 /* SearchModels.swift */; };
		F32D485323FC184F00C388E4 /* SearchViewController.swift in Sources */ = {isa = PBXBuildFile; fileRef = F32D484C23FC184F00C388E4 /* SearchViewController.swift */; };
		F32D485423FC184F00C388E4 /* SearchInteractor.swift in Sources */ = {isa = PBXBuildFile; fileRef = F32D484D23FC184F00C388E4 /* SearchInteractor.swift */; };
		F32D485823FC194900C388E4 /* SearchViewController.storyboard in Resources */ = {isa = PBXBuildFile; fileRef = F32D485723FC194900C388E4 /* SearchViewController.storyboard */; };
		F32D485A23FC1B6700C388E4 /* UIViewController+Storyboard.swift in Sources */ = {isa = PBXBuildFile; fileRef = F32D485923FC1B6700C388E4 /* UIViewController+Storyboard.swift */; };
		F32D485E23FC28BF00C388E4 /* TrackCell.xib in Resources */ = {isa = PBXBuildFile; fileRef = F32D485D23FC28BF00C388E4 /* TrackCell.xib */; };
		F32D486023FC28D500C388E4 /* TrackCell.swift in Sources */ = {isa = PBXBuildFile; fileRef = F32D485F23FC28D500C388E4 /* TrackCell.swift */; };
		F32EED6323FD473200D3C1AE /* FooterView.swift in Sources */ = {isa = PBXBuildFile; fileRef = F32EED6223FD473200D3C1AE /* FooterView.swift */; };
		F32EED6623FD4E1400D3C1AE /* TrackDetailView.xib in Resources */ = {isa = PBXBuildFile; fileRef = F32EED6523FD4E1400D3C1AE /* TrackDetailView.xib */; };
		F32EED6823FD4E1E00D3C1AE /* TrackDetailView.swift in Sources */ = {isa = PBXBuildFile; fileRef = F32EED6723FD4E1E00D3C1AE /* TrackDetailView.swift */; };
		F3D9367C23FDAC94000F6B8E /* LibraryView.swift in Sources */ = {isa = PBXBuildFile; fileRef = F3D9367B23FDAC94000F6B8E /* LibraryView.swift */; };
		F3D9367E23FDB0EB000F6B8E /* LibraryRowView.swift in Sources */ = {isa = PBXBuildFile; fileRef = F3D9367D23FDB0EB000F6B8E /* LibraryRowView.swift */; };
		F3D9368023FDB296000F6B8E /* MainTabBarControllerDelegate.swift in Sources */ = {isa = PBXBuildFile; fileRef = F3D9367F23FDB296000F6B8E /* MainTabBarControllerDelegate.swift */; };
		F3D9368223FDB2CB000F6B8E /* MainTabBarController+MainTabBarControllerDelegate.swift in Sources */ = {isa = PBXBuildFile; fileRef = F3D9368123FDB2CB000F6B8E /* MainTabBarController+MainTabBarControllerDelegate.swift */; };
		F3D9368423FDB346000F6B8E /* SearchViewController+UITableViewDelegate.swift in Sources */ = {isa = PBXBuildFile; fileRef = F3D9368323FDB346000F6B8E /* SearchViewController+UITableViewDelegate.swift */; };
		F3D9368623FDB380000F6B8E /* SearchViewController+UISearchBarDelegate.swift in Sources */ = {isa = PBXBuildFile; fileRef = F3D9368523FDB380000F6B8E /* SearchViewController+UISearchBarDelegate.swift */; };
		F3D9368823FDB3BA000F6B8E /* SearchDisplayLogic.swift in Sources */ = {isa = PBXBuildFile; fileRef = F3D9368723FDB3BA000F6B8E /* SearchDisplayLogic.swift */; };
		F3D9368A23FDB3E2000F6B8E /* SearchViewController+TrackMovingDelegate.swift in Sources */ = {isa = PBXBuildFile; fileRef = F3D9368923FDB3E2000F6B8E /* SearchViewController+TrackMovingDelegate.swift */; };
		F3D9368C23FDB423000F6B8E /* TrackMovingDelegate.swift in Sources */ = {isa = PBXBuildFile; fileRef = F3D9368B23FDB423000F6B8E /* TrackMovingDelegate.swift */; };
		F3D9368E23FDB451000F6B8E /* TrackCellViewModel.swift in Sources */ = {isa = PBXBuildFile; fileRef = F3D9368D23FDB451000F6B8E /* TrackCellViewModel.swift */; };
		F3DDB74B23FD6B6300E3453D /* CMTime+extension.swift in Sources */ = {isa = PBXBuildFile; fileRef = F3DDB74A23FD6B6300E3453D /* CMTime+extension.swift */; };
		F3DDB74D23FD76E300E3453D /* Nib.swift in Sources */ = {isa = PBXBuildFile; fileRef = F3DDB74C23FD76E300E3453D /* Nib.swift */; };
		F3E73BD423FBF967003A90F6 /* AppDelegate.swift in Sources */ = {isa = PBXBuildFile; fileRef = F3E73BD323FBF967003A90F6 /* AppDelegate.swift */; };
		F3E73BD623FBF967003A90F6 /* SceneDelegate.swift in Sources */ = {isa = PBXBuildFile; fileRef = F3E73BD523FBF967003A90F6 /* SceneDelegate.swift */; };
		F3E73BDD23FBF968003A90F6 /* Assets.xcassets in Resources */ = {isa = PBXBuildFile; fileRef = F3E73BDC23FBF968003A90F6 /* Assets.xcassets */; };
		F3E73BE023FBF968003A90F6 /* LaunchScreen.storyboard in Resources */ = {isa = PBXBuildFile; fileRef = F3E73BDE23FBF968003A90F6 /* LaunchScreen.storyboard */; };
		F3E73BE823FBF9D2003A90F6 /* MainTabBarController.swift in Sources */ = {isa = PBXBuildFile; fileRef = F3E73BE723FBF9D2003A90F6 /* MainTabBarController.swift */; };
		F3E73BEF23FC0522003A90F6 /* Alamofire in Frameworks */ = {isa = PBXBuildFile; productRef = F3E73BEE23FC0522003A90F6 /* Alamofire */; };
		F3E73BF323FC0DAC003A90F6 /* SearchResponse.swift in Sources */ = {isa = PBXBuildFile; fileRef = F3E73BF223FC0DAC003A90F6 /* SearchResponse.swift */; };
		F3E73BF523FC0DE7003A90F6 /* Track.swift in Sources */ = {isa = PBXBuildFile; fileRef = F3E73BF423FC0DE7003A90F6 /* Track.swift */; };
		F3E73BF723FC1348003A90F6 /* NetworkService.swift in Sources */ = {isa = PBXBuildFile; fileRef = F3E73BF623FC1348003A90F6 /* NetworkService.swift */; };
/* End PBXBuildFile section */

/* Begin PBXFileReference section */
		F32D484823FC184F00C388E4 /* SearchPresenter.swift */ = {isa = PBXFileReference; lastKnownFileType = sourcecode.swift; path = SearchPresenter.swift; sourceTree = "<group>"; };
		F32D484923FC184F00C388E4 /* SearchWorker.swift */ = {isa = PBXFileReference; lastKnownFileType = sourcecode.swift; path = SearchWorker.swift; sourceTree = "<group>"; };
		F32D484A23FC184F00C388E4 /* SearchRouter.swift */ = {isa = PBXFileReference; lastKnownFileType = sourcecode.swift; path = SearchRouter.swift; sourceTree = "<group>"; };
		F32D484B23FC184F00C388E4 /* SearchModels.swift */ = {isa = PBXFileReference; lastKnownFileType = sourcecode.swift; path = SearchModels.swift; sourceTree = "<group>"; };
		F32D484C23FC184F00C388E4 /* SearchViewController.swift */ = {isa = PBXFileReference; lastKnownFileType = sourcecode.swift; path = SearchViewController.swift; sourceTree = "<group>"; };
		F32D484D23FC184F00C388E4 /* SearchInteractor.swift */ = {isa = PBXFileReference; lastKnownFileType = sourcecode.swift; path = SearchInteractor.swift; sourceTree = "<group>"; };
		F32D485723FC194900C388E4 /* SearchViewController.storyboard */ = {isa = PBXFileReference; lastKnownFileType = file.storyboard; path = SearchViewController.storyboard; sourceTree = "<group>"; };
		F32D485923FC1B6700C388E4 /* UIViewController+Storyboard.swift */ = {isa = PBXFileReference; lastKnownFileType = sourcecode.swift; path = "UIViewController+Storyboard.swift"; sourceTree = "<group>"; };
		F32D485D23FC28BF00C388E4 /* TrackCell.xib */ = {isa = PBXFileReference; lastKnownFileType = file.xib; path = TrackCell.xib; sourceTree = "<group>"; };
		F32D485F23FC28D500C388E4 /* TrackCell.swift */ = {isa = PBXFileReference; lastKnownFileType = sourcecode.swift; path = TrackCell.swift; sourceTree = "<group>"; };
		F32EED6223FD473200D3C1AE /* FooterView.swift */ = {isa = PBXFileReference; lastKnownFileType = sourcecode.swift; path = FooterView.swift; sourceTree = "<group>"; };
		F32EED6523FD4E1400D3C1AE /* TrackDetailView.xib */ = {isa = PBXFileReference; lastKnownFileType = file.xib; path = TrackDetailView.xib; sourceTree = "<group>"; };
		F32EED6723FD4E1E00D3C1AE /* TrackDetailView.swift */ = {isa = PBXFileReference; lastKnownFileType = sourcecode.swift; path = TrackDetailView.swift; sourceTree = "<group>"; };
		F3D9367B23FDAC94000F6B8E /* LibraryView.swift */ = {isa = PBXFileReference; lastKnownFileType = sourcecode.swift; path = LibraryView.swift; sourceTree = "<group>"; };
		F3D9367D23FDB0EB000F6B8E /* LibraryRowView.swift */ = {isa = PBXFileReference; lastKnownFileType = sourcecode.swift; path = LibraryRowView.swift; sourceTree = "<group>"; };
		F3D9367F23FDB296000F6B8E /* MainTabBarControllerDelegate.swift */ = {isa = PBXFileReference; lastKnownFileType = sourcecode.swift; path = MainTabBarControllerDelegate.swift; sourceTree = "<group>"; };
		F3D9368123FDB2CB000F6B8E /* MainTabBarController+MainTabBarControllerDelegate.swift */ = {isa = PBXFileReference; lastKnownFileType = sourcecode.swift; path = "MainTabBarController+MainTabBarControllerDelegate.swift"; sourceTree = "<group>"; };
		F3D9368323FDB346000F6B8E /* SearchViewController+UITableViewDelegate.swift */ = {isa = PBXFileReference; lastKnownFileType = sourcecode.swift; path = "SearchViewController+UITableViewDelegate.swift"; sourceTree = "<group>"; };
		F3D9368523FDB380000F6B8E /* SearchViewController+UISearchBarDelegate.swift */ = {isa = PBXFileReference; lastKnownFileType = sourcecode.swift; path = "SearchViewController+UISearchBarDelegate.swift"; sourceTree = "<group>"; };
		F3D9368723FDB3BA000F6B8E /* SearchDisplayLogic.swift */ = {isa = PBXFileReference; lastKnownFileType = sourcecode.swift; path = SearchDisplayLogic.swift; sourceTree = "<group>"; };
		F3D9368923FDB3E2000F6B8E /* SearchViewController+TrackMovingDelegate.swift */ = {isa = PBXFileReference; lastKnownFileType = sourcecode.swift; path = "SearchViewController+TrackMovingDelegate.swift"; sourceTree = "<group>"; };
		F3D9368B23FDB423000F6B8E /* TrackMovingDelegate.swift */ = {isa = PBXFileReference; lastKnownFileType = sourcecode.swift; path = TrackMovingDelegate.swift; sourceTree = "<group>"; };
		F3D9368D23FDB451000F6B8E /* TrackCellViewModel.swift */ = {isa = PBXFileReference; lastKnownFileType = sourcecode.swift; path = TrackCellViewModel.swift; sourceTree = "<group>"; };
		F3DDB74A23FD6B6300E3453D /* CMTime+extension.swift */ = {isa = PBXFileReference; lastKnownFileType = sourcecode.swift; path = "CMTime+extension.swift"; sourceTree = "<group>"; };
		F3DDB74C23FD76E300E3453D /* Nib.swift */ = {isa = PBXFileReference; lastKnownFileType = sourcecode.swift; path = Nib.swift; sourceTree = "<group>"; };
		F3E73BD023FBF967003A90F6 /* iAppleMusic.app */ = {isa = PBXFileReference; explicitFileType = wrapper.application; includeInIndex = 0; path = iAppleMusic.app; sourceTree = BUILT_PRODUCTS_DIR; };
		F3E73BD323FBF967003A90F6 /* AppDelegate.swift */ = {isa = PBXFileReference; lastKnownFileType = sourcecode.swift; path = AppDelegate.swift; sourceTree = "<group>"; };
		F3E73BD523FBF967003A90F6 /* SceneDelegate.swift */ = {isa = PBXFileReference; lastKnownFileType = sourcecode.swift; path = SceneDelegate.swift; sourceTree = "<group>"; };
		F3E73BDC23FBF968003A90F6 /* Assets.xcassets */ = {isa = PBXFileReference; lastKnownFileType = folder.assetcatalog; path = Assets.xcassets; sourceTree = "<group>"; };
		F3E73BDF23FBF968003A90F6 /* Base */ = {isa = PBXFileReference; lastKnownFileType = file.storyboard; name = Base; path = Base.lproj/LaunchScreen.storyboard; sourceTree = "<group>"; };
		F3E73BE123FBF968003A90F6 /* Info.plist */ = {isa = PBXFileReference; lastKnownFileType = text.plist.xml; path = Info.plist; sourceTree = "<group>"; };
		F3E73BE723FBF9D2003A90F6 /* MainTabBarController.swift */ = {isa = PBXFileReference; lastKnownFileType = sourcecode.swift; path = MainTabBarController.swift; sourceTree = "<group>"; };
		F3E73BF223FC0DAC003A90F6 /* SearchResponse.swift */ = {isa = PBXFileReference; lastKnownFileType = sourcecode.swift; path = SearchResponse.swift; sourceTree = "<group>"; };
		F3E73BF423FC0DE7003A90F6 /* Track.swift */ = {isa = PBXFileReference; lastKnownFileType = sourcecode.swift; path = Track.swift; sourceTree = "<group>"; };
		F3E73BF623FC1348003A90F6 /* NetworkService.swift */ = {isa = PBXFileReference; lastKnownFileType = sourcecode.swift; path = NetworkService.swift; sourceTree = "<group>"; };
/* End PBXFileReference section */

/* Begin PBXFrameworksBuildPhase section */
		F3E73BCD23FBF967003A90F6 /* Frameworks */ = {
			isa = PBXFrameworksBuildPhase;
			buildActionMask = 2147483647;
			files = (
				F32B634023FC30730096385A /* SDWebImage in Frameworks */,
				F32B634223FC30730096385A /* SDWebImageMapKit in Frameworks */,
				F3E73BEF23FC0522003A90F6 /* Alamofire in Frameworks */,
			);
			runOnlyForDeploymentPostprocessing = 0;
		};
/* End PBXFrameworksBuildPhase section */

/* Begin PBXGroup section */
		F32D484723FC17D200C388E4 /* Services */ = {
			isa = PBXGroup;
			children = (
				F3E73BF623FC1348003A90F6 /* NetworkService.swift */,
			);
			path = Services;
			sourceTree = "<group>";
		};
		F32D485623FC185B00C388E4 /* Search */ = {
			isa = PBXGroup;
			children = (
				F32EED6423FD4DEB00D3C1AE /* TrackDetailView */,
				F32EED6123FD472100D3C1AE /* FooterView */,
				F32D485C23FC28AE00C388E4 /* Cell */,
				F32D485723FC194900C388E4 /* SearchViewController.storyboard */,
				F32D484C23FC184F00C388E4 /* SearchViewController.swift */,
				F3D9368723FDB3BA000F6B8E /* SearchDisplayLogic.swift */,
				F3D9368323FDB346000F6B8E /* SearchViewController+UITableViewDelegate.swift */,
				F3D9368523FDB380000F6B8E /* SearchViewController+UISearchBarDelegate.swift */,
				F3D9368923FDB3E2000F6B8E /* SearchViewController+TrackMovingDelegate.swift */,
				F32D484D23FC184F00C388E4 /* SearchInteractor.swift */,
				F32D484823FC184F00C388E4 /* SearchPresenter.swift */,
				F32D484923FC184F00C388E4 /* SearchWorker.swift */,
				F32D484A23FC184F00C388E4 /* SearchRouter.swift */,
				F32D484B23FC184F00C388E4 /* SearchModels.swift */,
			);
			path = Search;
			sourceTree = "<group>";
		};
		F32D485B23FC1B6E00C388E4 /* Helpers */ = {
			isa = PBXGroup;
			children = (
				F32D485923FC1B6700C388E4 /* UIViewController+Storyboard.swift */,
				F3DDB74A23FD6B6300E3453D /* CMTime+extension.swift */,
				F3DDB74C23FD76E300E3453D /* Nib.swift */,
			);
			path = Helpers;
			sourceTree = "<group>";
		};
		F32D485C23FC28AE00C388E4 /* Cell */ = {
			isa = PBXGroup;
			children = (
				F32D485D23FC28BF00C388E4 /* TrackCell.xib */,
				F32D485F23FC28D500C388E4 /* TrackCell.swift */,
				F3D9368D23FDB451000F6B8E /* TrackCellViewModel.swift */,
			);
			path = Cell;
			sourceTree = "<group>";
		};
		F32EED6123FD472100D3C1AE /* FooterView */ = {
			isa = PBXGroup;
			children = (
				F32EED6223FD473200D3C1AE /* FooterView.swift */,
			);
			path = FooterView;
			sourceTree = "<group>";
		};
		F32EED6423FD4DEB00D3C1AE /* TrackDetailView */ = {
			isa = PBXGroup;
			children = (
				F32EED6523FD4E1400D3C1AE /* TrackDetailView.xib */,
				F32EED6723FD4E1E00D3C1AE /* TrackDetailView.swift */,
				F3D9368B23FDB423000F6B8E /* TrackMovingDelegate.swift */,
			);
			path = TrackDetailView;
			sourceTree = "<group>";
		};
		F3E73BC723FBF967003A90F6 = {
			isa = PBXGroup;
			children = (
				F3E73BD223FBF967003A90F6 /* iAppleMusic */,
				F3E73BD123FBF967003A90F6 /* Products */,
			);
			sourceTree = "<group>";
		};
		F3E73BD123FBF967003A90F6 /* Products */ = {
			isa = PBXGroup;
			children = (
				F3E73BD023FBF967003A90F6 /* iAppleMusic.app */,
			);
			name = Products;
			sourceTree = "<group>";
		};
		F3E73BD223FBF967003A90F6 /* iAppleMusic */ = {
			isa = PBXGroup;
			children = (
				F3E73BD323FBF967003A90F6 /* AppDelegate.swift */,
				F3E73BD523FBF967003A90F6 /* SceneDelegate.swift */,
				F32D485B23FC1B6E00C388E4 /* Helpers */,
				F32D484723FC17D200C388E4 /* Services */,
				F3E73BE723FBF9D2003A90F6 /* MainTabBarController.swift */,
				F3D9368123FDB2CB000F6B8E /* MainTabBarController+MainTabBarControllerDelegate.swift */,
				F3D9367F23FDB296000F6B8E /* MainTabBarControllerDelegate.swift */,
				F3D9367B23FDAC94000F6B8E /* LibraryView.swift */,
				F3D9367D23FDB0EB000F6B8E /* LibraryRowView.swift */,
				F32D485623FC185B00C388E4 /* Search */,
				F3E73BF023FC0D6A003A90F6 /* Models */,
				F3E73BDC23FBF968003A90F6 /* Assets.xcassets */,
				F3E73BDE23FBF968003A90F6 /* LaunchScreen.storyboard */,
				F3E73BE123FBF968003A90F6 /* Info.plist */,
			);
			path = iAppleMusic;
			sourceTree = "<group>";
		};
		F3E73BF023FC0D6A003A90F6 /* Models */ = {
			isa = PBXGroup;
			children = (
				F3E73BF223FC0DAC003A90F6 /* SearchResponse.swift */,
				F3E73BF423FC0DE7003A90F6 /* Track.swift */,
			);
			path = Models;
			sourceTree = "<group>";
		};
/* End PBXGroup section */

/* Begin PBXNativeTarget section */
		F3E73BCF23FBF967003A90F6 /* iAppleMusic */ = {
			isa = PBXNativeTarget;
			buildConfigurationList = F3E73BE423FBF968003A90F6 /* Build configuration list for PBXNativeTarget "iAppleMusic" */;
			buildPhases = (
				F3E73BCC23FBF967003A90F6 /* Sources */,
				F3E73BCD23FBF967003A90F6 /* Frameworks */,
				F3E73BCE23FBF967003A90F6 /* Resources */,
			);
			buildRules = (
			);
			dependencies = (
			);
			name = iAppleMusic;
			packageProductDependencies = (
				F3E73BEE23FC0522003A90F6 /* Alamofire */,
				F32B633F23FC30730096385A /* SDWebImage */,
				F32B634123FC30730096385A /* SDWebImageMapKit */,
			);
			productName = iAppleMusic;
			productReference = F3E73BD023FBF967003A90F6 /* iAppleMusic.app */;
			productType = "com.apple.product-type.application";
		};
/* End PBXNativeTarget section */

/* Begin PBXProject section */
		F3E73BC823FBF967003A90F6 /* Project object */ = {
			isa = PBXProject;
			attributes = {
				LastSwiftUpdateCheck = 1130;
				LastUpgradeCheck = 1130;
				ORGANIZATIONNAME = "Mykhailo Bondarenko";
				TargetAttributes = {
					F3E73BCF23FBF967003A90F6 = {
						CreatedOnToolsVersion = 11.3.1;
					};
				};
			};
			buildConfigurationList = F3E73BCB23FBF967003A90F6 /* Build configuration list for PBXProject "iAppleMusic" */;
			compatibilityVersion = "Xcode 9.3";
			developmentRegion = en;
			hasScannedForEncodings = 0;
			knownRegions = (
				en,
				Base,
			);
			mainGroup = F3E73BC723FBF967003A90F6;
			packageReferences = (
				F3E73BED23FC0522003A90F6 /* XCRemoteSwiftPackageReference "Alamofire" */,
				F32B633E23FC30730096385A /* XCRemoteSwiftPackageReference "SDWebImage" */,
			);
			productRefGroup = F3E73BD123FBF967003A90F6 /* Products */;
			projectDirPath = "";
			projectRoot = "";
			targets = (
				F3E73BCF23FBF967003A90F6 /* iAppleMusic */,
			);
		};
/* End PBXProject section */

/* Begin PBXResourcesBuildPhase section */
		F3E73BCE23FBF967003A90F6 /* Resources */ = {
			isa = PBXResourcesBuildPhase;
			buildActionMask = 2147483647;
			files = (
				F3E73BE023FBF968003A90F6 /* LaunchScreen.storyboard in Resources */,
				F3E73BDD23FBF968003A90F6 /* Assets.xcassets in Resources */,
				F32D485823FC194900C388E4 /* SearchViewController.storyboard in Resources */,
				F32D485E23FC28BF00C388E4 /* TrackCell.xib in Resources */,
				F32EED6623FD4E1400D3C1AE /* TrackDetailView.xib in Resources */,
			);
			runOnlyForDeploymentPostprocessing = 0;
		};
/* End PBXResourcesBuildPhase section */

/* Begin PBXSourcesBuildPhase section */
		F3E73BCC23FBF967003A90F6 /* Sources */ = {
			isa = PBXSourcesBuildPhase;
			buildActionMask = 2147483647;
			files = (
				F3E73BF323FC0DAC003A90F6 /* SearchResponse.swift in Sources */,
				F3D9368A23FDB3E2000F6B8E /* SearchViewController+TrackMovingDelegate.swift in Sources */,
				F3DDB74D23FD76E300E3453D /* Nib.swift in Sources */,
				F3D9368223FDB2CB000F6B8E /* MainTabBarController+MainTabBarControllerDelegate.swift in Sources */,
				F32D485023FC184F00C388E4 /* SearchWorker.swift in Sources */,
				F3D9368C23FDB423000F6B8E /* TrackMovingDelegate.swift in Sources */,
				F3D9367E23FDB0EB000F6B8E /* LibraryRowView.swift in Sources */,
				F32D485123FC184F00C388E4 /* SearchRouter.swift in Sources */,
				F32D484F23FC184F00C388E4 /* SearchPresenter.swift in Sources */,
				F3E73BF723FC1348003A90F6 /* NetworkService.swift in Sources */,
				F3D9367C23FDAC94000F6B8E /* LibraryView.swift in Sources */,
				F32D485423FC184F00C388E4 /* SearchInteractor.swift in Sources */,
				F3D9368623FDB380000F6B8E /* SearchViewController+UISearchBarDelegate.swift in Sources */,
				F3E73BF523FC0DE7003A90F6 /* Track.swift in Sources */,
				F3DDB74B23FD6B6300E3453D /* CMTime+extension.swift in Sources */,
				F32D485A23FC1B6700C388E4 /* UIViewController+Storyboard.swift in Sources */,
				F3D9368E23FDB451000F6B8E /* TrackCellViewModel.swift in Sources */,
				F32EED6823FD4E1E00D3C1AE /* TrackDetailView.swift in Sources */,
				F32D485323FC184F00C388E4 /* SearchViewController.swift in Sources */,
				F3D9368823FDB3BA000F6B8E /* SearchDisplayLogic.swift in Sources */,
				F3E73BD423FBF967003A90F6 /* AppDelegate.swift in Sources */,
				F3D9368023FDB296000F6B8E /* MainTabBarControllerDelegate.swift in Sources */,
				F3E73BE823FBF9D2003A90F6 /* MainTabBarController.swift in Sources */,
				F3E73BD623FBF967003A90F6 /* SceneDelegate.swift in Sources */,
				F3D9368423FDB346000F6B8E /* SearchViewController+UITableViewDelegate.swift in Sources */,
				F32D485223FC184F00C388E4 /* SearchModels.swift in Sources */,
				F32D486023FC28D500C388E4 /* TrackCell.swift in Sources */,
				F32EED6323FD473200D3C1AE /* FooterView.swift in Sources */,
			);
			runOnlyForDeploymentPostprocessing = 0;
		};
/* End PBXSourcesBuildPhase section */

/* Begin PBXVariantGroup section */
		F3E73BDE23FBF968003A90F6 /* LaunchScreen.storyboard */ = {
			isa = PBXVariantGroup;
			children = (
				F3E73BDF23FBF968003A90F6 /* Base */,
			);
			name = LaunchScreen.storyboard;
			sourceTree = "<group>";
		};
/* End PBXVariantGroup section */

/* Begin XCBuildConfiguration section */
		F3E73BE223FBF968003A90F6 /* Debug */ = {
			isa = XCBuildConfiguration;
			buildSettings = {
				ALWAYS_SEARCH_USER_PATHS = NO;
				CLANG_ANALYZER_NONNULL = YES;
				CLANG_ANALYZER_NUMBER_OBJECT_CONVERSION = YES_AGGRESSIVE;
				CLANG_CXX_LANGUAGE_STANDARD = "gnu++14";
				CLANG_CXX_LIBRARY = "libc++";
				CLANG_ENABLE_MODULES = YES;
				CLANG_ENABLE_OBJC_ARC = YES;
				CLANG_ENABLE_OBJC_WEAK = YES;
				CLANG_WARN_BLOCK_CAPTURE_AUTORELEASING = YES;
				CLANG_WARN_BOOL_CONVERSION = YES;
				CLANG_WARN_COMMA = YES;
				CLANG_WARN_CONSTANT_CONVERSION = YES;
				CLANG_WARN_DEPRECATED_OBJC_IMPLEMENTATIONS = YES;
				CLANG_WARN_DIRECT_OBJC_ISA_USAGE = YES_ERROR;
				CLANG_WARN_DOCUMENTATION_COMMENTS = YES;
				CLANG_WARN_EMPTY_BODY = YES;
				CLANG_WARN_ENUM_CONVERSION = YES;
				CLANG_WARN_INFINITE_RECURSION = YES;
				CLANG_WARN_INT_CONVERSION = YES;
				CLANG_WARN_NON_LITERAL_NULL_CONVERSION = YES;
				CLANG_WARN_OBJC_IMPLICIT_RETAIN_SELF = YES;
				CLANG_WARN_OBJC_LITERAL_CONVERSION = YES;
				CLANG_WARN_OBJC_ROOT_CLASS = YES_ERROR;
				CLANG_WARN_RANGE_LOOP_ANALYSIS = YES;
				CLANG_WARN_STRICT_PROTOTYPES = YES;
				CLANG_WARN_SUSPICIOUS_MOVE = YES;
				CLANG_WARN_UNGUARDED_AVAILABILITY = YES_AGGRESSIVE;
				CLANG_WARN_UNREACHABLE_CODE = YES;
				CLANG_WARN__DUPLICATE_METHOD_MATCH = YES;
				COPY_PHASE_STRIP = NO;
				DEBUG_INFORMATION_FORMAT = dwarf;
				ENABLE_STRICT_OBJC_MSGSEND = YES;
				ENABLE_TESTABILITY = YES;
				GCC_C_LANGUAGE_STANDARD = gnu11;
				GCC_DYNAMIC_NO_PIC = NO;
				GCC_NO_COMMON_BLOCKS = YES;
				GCC_OPTIMIZATION_LEVEL = 0;
				GCC_PREPROCESSOR_DEFINITIONS = (
					"DEBUG=1",
					"$(inherited)",
				);
				GCC_WARN_64_TO_32_BIT_CONVERSION = YES;
				GCC_WARN_ABOUT_RETURN_TYPE = YES_ERROR;
				GCC_WARN_UNDECLARED_SELECTOR = YES;
				GCC_WARN_UNINITIALIZED_AUTOS = YES_AGGRESSIVE;
				GCC_WARN_UNUSED_FUNCTION = YES;
				GCC_WARN_UNUSED_VARIABLE = YES;
				IPHONEOS_DEPLOYMENT_TARGET = 13.2;
				MTL_ENABLE_DEBUG_INFO = INCLUDE_SOURCE;
				MTL_FAST_MATH = YES;
				ONLY_ACTIVE_ARCH = YES;
				SDKROOT = iphoneos;
				SWIFT_ACTIVE_COMPILATION_CONDITIONS = DEBUG;
				SWIFT_OPTIMIZATION_LEVEL = "-Onone";
			};
			name = Debug;
		};
		F3E73BE323FBF968003A90F6 /* Release */ = {
			isa = XCBuildConfiguration;
			buildSettings = {
				ALWAYS_SEARCH_USER_PATHS = NO;
				CLANG_ANALYZER_NONNULL = YES;
				CLANG_ANALYZER_NUMBER_OBJECT_CONVERSION = YES_AGGRESSIVE;
				CLANG_CXX_LANGUAGE_STANDARD = "gnu++14";
				CLANG_CXX_LIBRARY = "libc++";
				CLANG_ENABLE_MODULES = YES;
				CLANG_ENABLE_OBJC_ARC = YES;
				CLANG_ENABLE_OBJC_WEAK = YES;
				CLANG_WARN_BLOCK_CAPTURE_AUTORELEASING = YES;
				CLANG_WARN_BOOL_CONVERSION = YES;
				CLANG_WARN_COMMA = YES;
				CLANG_WARN_CONSTANT_CONVERSION = YES;
				CLANG_WARN_DEPRECATED_OBJC_IMPLEMENTATIONS = YES;
				CLANG_WARN_DIRECT_OBJC_ISA_USAGE = YES_ERROR;
				CLANG_WARN_DOCUMENTATION_COMMENTS = YES;
				CLANG_WARN_EMPTY_BODY = YES;
				CLANG_WARN_ENUM_CONVERSION = YES;
				CLANG_WARN_INFINITE_RECURSION = YES;
				CLANG_WARN_INT_CONVERSION = YES;
				CLANG_WARN_NON_LITERAL_NULL_CONVERSION = YES;
				CLANG_WARN_OBJC_IMPLICIT_RETAIN_SELF = YES;
				CLANG_WARN_OBJC_LITERAL_CONVERSION = YES;
				CLANG_WARN_OBJC_ROOT_CLASS = YES_ERROR;
				CLANG_WARN_RANGE_LOOP_ANALYSIS = YES;
				CLANG_WARN_STRICT_PROTOTYPES = YES;
				CLANG_WARN_SUSPICIOUS_MOVE = YES;
				CLANG_WARN_UNGUARDED_AVAILABILITY = YES_AGGRESSIVE;
				CLANG_WARN_UNREACHABLE_CODE = YES;
				CLANG_WARN__DUPLICATE_METHOD_MATCH = YES;
				COPY_PHASE_STRIP = NO;
				DEBUG_INFORMATION_FORMAT = "dwarf-with-dsym";
				ENABLE_NS_ASSERTIONS = NO;
				ENABLE_STRICT_OBJC_MSGSEND = YES;
				GCC_C_LANGUAGE_STANDARD = gnu11;
				GCC_NO_COMMON_BLOCKS = YES;
				GCC_WARN_64_TO_32_BIT_CONVERSION = YES;
				GCC_WARN_ABOUT_RETURN_TYPE = YES_ERROR;
				GCC_WARN_UNDECLARED_SELECTOR = YES;
				GCC_WARN_UNINITIALIZED_AUTOS = YES_AGGRESSIVE;
				GCC_WARN_UNUSED_FUNCTION = YES;
				GCC_WARN_UNUSED_VARIABLE = YES;
				IPHONEOS_DEPLOYMENT_TARGET = 13.2;
				MTL_ENABLE_DEBUG_INFO = NO;
				MTL_FAST_MATH = YES;
				SDKROOT = iphoneos;
				SWIFT_COMPILATION_MODE = wholemodule;
				SWIFT_OPTIMIZATION_LEVEL = "-O";
				VALIDATE_PRODUCT = YES;
			};
			name = Release;
		};
		F3E73BE523FBF968003A90F6 /* Debug */ = {
			isa = XCBuildConfiguration;
			buildSettings = {
				ASSETCATALOG_COMPILER_APPICON_NAME = AppIcon;
				CODE_SIGN_STYLE = Automatic;
				DEVELOPMENT_TEAM = GYWWW55376;
				INFOPLIST_FILE = iAppleMusic/Info.plist;
				LD_RUNPATH_SEARCH_PATHS = (
					"$(inherited)",
					"@executable_path/Frameworks",
				);
				PRODUCT_BUNDLE_IDENTIFIER = com.mcmikius.iAppleMusic;
				PRODUCT_NAME = "$(TARGET_NAME)";
				SWIFT_VERSION = 5.0;
				TARGETED_DEVICE_FAMILY = "1,2";
			};
			name = Debug;
		};
		F3E73BE623FBF968003A90F6 /* Release */ = {
			isa = XCBuildConfiguration;
			buildSettings = {
				ASSETCATALOG_COMPILER_APPICON_NAME = AppIcon;
				CODE_SIGN_STYLE = Automatic;
				DEVELOPMENT_TEAM = GYWWW55376;
				INFOPLIST_FILE = iAppleMusic/Info.plist;
				LD_RUNPATH_SEARCH_PATHS = (
					"$(inherited)",
					"@executable_path/Frameworks",
				);
				PRODUCT_BUNDLE_IDENTIFIER = com.mcmikius.iAppleMusic;
				PRODUCT_NAME = "$(TARGET_NAME)";
				SWIFT_VERSION = 5.0;
				TARGETED_DEVICE_FAMILY = "1,2";
			};
			name = Release;
		};
/* End XCBuildConfiguration section */

/* Begin XCConfigurationList section */
		F3E73BCB23FBF967003A90F6 /* Build configuration list for PBXProject "iAppleMusic" */ = {
			isa = XCConfigurationList;
			buildConfigurations = (
				F3E73BE223FBF968003A90F6 /* Debug */,
				F3E73BE323FBF968003A90F6 /* Release */,
			);
			defaultConfigurationIsVisible = 0;
			defaultConfigurationName = Release;
		};
		F3E73BE423FBF968003A90F6 /* Build configuration list for PBXNativeTarget "iAppleMusic" */ = {
			isa = XCConfigurationList;
			buildConfigurations = (
				F3E73BE523FBF968003A90F6 /* Debug */,
				F3E73BE623FBF968003A90F6 /* Release */,
			);
			defaultConfigurationIsVisible = 0;
			defaultConfigurationName = Release;
		};
/* End XCConfigurationList section */

/* Begin XCRemoteSwiftPackageReference section */
		F32B633E23FC30730096385A /* XCRemoteSwiftPackageReference "SDWebImage" */ = {
			isa = XCRemoteSwiftPackageReference;
			repositoryURL = "https://github.com/SDWebImage/SDWebImage.git";
			requirement = {
				kind = upToNextMinorVersion;
				minimumVersion = 5.5.2;
			};
		};
		F3E73BED23FC0522003A90F6 /* XCRemoteSwiftPackageReference "Alamofire" */ = {
			isa = XCRemoteSwiftPackageReference;
			repositoryURL = "https://github.com/Alamofire/Alamofire.git";
			requirement = {
				kind = upToNextMinorVersion;
				minimumVersion = 5.0.0;
			};
		};
/* End XCRemoteSwiftPackageReference section */

/* Begin XCSwiftPackageProductDependency section */
		F32B633F23FC30730096385A /* SDWebImage */ = {
			isa = XCSwiftPackageProductDependency;
			package = F32B633E23FC30730096385A /* XCRemoteSwiftPackageReference "SDWebImage" */;
			productName = SDWebImage;
		};
		F32B634123FC30730096385A /* SDWebImageMapKit */ = {
			isa = XCSwiftPackageProductDependency;
			package = F32B633E23FC30730096385A /* XCRemoteSwiftPackageReference "SDWebImage" */;
			productName = SDWebImageMapKit;
		};
		F3E73BEE23FC0522003A90F6 /* Alamofire */ = {
			isa = XCSwiftPackageProductDependency;
			package = F3E73BED23FC0522003A90F6 /* XCRemoteSwiftPackageReference "Alamofire" */;
			productName = Alamofire;
		};
/* End XCSwiftPackageProductDependency section */
	};
	rootObject = F3E73BC823FBF967003A90F6 /* Project object */;
}
